
Microsoft Visual Studio Solution File, Format Version 12.00
# Visual Studio Version 17
VisualStudioVersion = 17.0.32014.148
MinimumVisualStudioVersion = 10.0.40219.1
Project("{FAE04EC0-301F-11D3-BF4B-00C04F79EFBC}") = "SessionTest", "SessionTest.csproj", "{55BC44F7-3610-49F5-98D3-A59A48A058DB}"
EndProject
Global
	GlobalSection(SolutionConfigurationPlatforms) = preSolution
		Debug|Any CPU = Debug|Any CPU
		Release|Any CPU = Release|Any CPU
	EndGlobalSection
	GlobalSection(ProjectConfigurationPlatforms) = postSolution
		{55BC44F7-3610-49F5-98D3-A59A48A058DB}.Debug|Any CPU.ActiveCfg = Debug|Any CPU
		{55BC44F7-3610-49F5-98D3-A59A48A058DB}.Debug|Any CPU.Build.0 = Debug|Any CPU
		{55BC44F7-3610-49F5-98D3-A59A48A058DB}.Release|Any CPU.ActiveCfg = Release|Any CPU
		{55BC44F7-3610-49F5-98D3-A59A48A058DB}.Release|Any CPU.Build.0 = Release|Any CPU
	EndGlobalSection
	GlobalSection(SolutionProperties) = preSolution
		HideSolutionNode = FALSE
	EndGlobalSection
	GlobalSection(ExtensibilityGlobals) = postSolution
		SolutionGuid = {03D20C2B-20C5-4DD8-9BFC-13177AB35DEF}
	EndGlobalSection
EndGlobal
